
Microsoft Visual Studio Solution File, Format Version 12.00
# Visual Studio Version 17
VisualStudioVersion = 17.4.33110.190
MinimumVisualStudioVersion = 10.0.40219.1
Project("{FAE04EC0-301F-11D3-BF4B-00C04F79EFBC}") = "predpriatie", "predpriatie\predpriatie.csproj", "{55E778FB-17BB-4E96-B864-2B6337FA57DB}"
EndProject
Global
	GlobalSection(SolutionConfigurationPlatforms) = preSolution
		Debug|Any CPU = Debug|Any CPU
		Release|Any CPU = Release|Any CPU
	EndGlobalSection
	GlobalSection(ProjectConfigurationPlatforms) = postSolution
		{55E778FB-17BB-4E96-B864-2B6337FA57DB}.Debug|Any CPU.ActiveCfg = Debug|Any CPU
		{55E778FB-17BB-4E96-B864-2B6337FA57DB}.Debug|Any CPU.Build.0 = Debug|Any CPU
		{55E778FB-17BB-4E96-B864-2B6337FA57DB}.Release|Any CPU.ActiveCfg = Release|Any CPU
		{55E778FB-17BB-4E96-B864-2B6337FA57DB}.Release|Any CPU.Build.0 = Release|Any CPU
	EndGlobalSection
	GlobalSection(SolutionProperties) = preSolution
		HideSolutionNode = FALSE
	EndGlobalSection
	GlobalSection(ExtensibilityGlobals) = postSolution
		SolutionGuid = {77E742A3-9E75-474E-B0DE-D33289C30F0B}
	EndGlobalSection
EndGlobal
